{
	"requires": true,
	"lockfileVersion": 1,
	"dependencies": {
		"@types/gl-matrix": {
			"version": "2.4.0",
			"resolved": "https://registry.npmjs.org/@types/gl-matrix/-/gl-matrix-2.4.0.tgz",
			"integrity": "sha512-ulRjeBsrfaK0wOnutWaQqmg8v2G8NlTcN1lMO9WvpMm+PrylLTkmMnesuIQeQlNSY/8j0pU560Vpjw16iWeyiw=="
		},
		"gl-matrix": {
			"version": "2.6.1",
			"resolved": "https://registry.npmjs.org/gl-matrix/-/gl-matrix-2.6.1.tgz",
			"integrity": "sha512-fK37p7vkpw5H4WSypfa6TUV8nlB8+Fd1pZj15sMtvRPnfzArvTI4U4E25x2Hmp+UxZX11ve0aGaHarRieP+gSw=="
		},
		"rxjs": {
			"version": "6.2.1",
			"resolved": "https://registry.npmjs.org/rxjs/-/rxjs-6.2.1.tgz",
			"integrity": "sha512-OwMxHxmnmHTUpgO+V7dZChf3Tixf4ih95cmXjzzadULziVl/FKhHScGLj4goEw9weePVOH2Q0+GcCBUhKCZc/g==",
			"requires": {
				"tslib": "^1.9.0"
			}
		},
		"tslib": {
			"version": "1.9.2",
			"resolved": "https://registry.npmjs.org/tslib/-/tslib-1.9.2.tgz",
			"integrity": "sha512-AVP5Xol3WivEr7hnssHDsaM+lVrVXWUvd1cfXTRkTj80b//6g2wIFEH6hZG0muGZRnHGrfttpdzRk3YlBkWjKw=="
		},
		"typescript": {
			"version": "2.9.2",
			"resolved": "https://registry.npmjs.org/typescript/-/typescript-2.9.2.tgz",
			"integrity": "sha512-Gr4p6nFNaoufRIY4NMdpQRNmgxVIGMs4Fcu/ujdYk3nAZqk7supzBE9idmvfZIlH/Cuj//dvi+019qEue9lV0w=="
		}
	}
}
